// !$*UTF8*$!
{
	archiveVersion = 1;
	classes = {
	};
	objectVersion = 52;
	objects = {

/* Begin PBXBuildFile section */
		2451F3F5241E717900884AEE /* SaveViewController.swift in Sources */ = {isa = PBXBuildFile; fileRef = 2451F3F4241E717900884AEE /* SaveViewController.swift */; };
		24C36134241DFB8C0047EC46 /* RecordingViewController.swift in Sources */ = {isa = PBXBuildFile; fileRef = 24C36133241DFB8C0047EC46 /* RecordingViewController.swift */; };
		24C36136241DFC070047EC46 /* RecordingController.swift in Sources */ = {isa = PBXBuildFile; fileRef = 24C36135241DFC070047EC46 /* RecordingController.swift */; };
		24DB020C242756F300AA15AC /* RecordingControllerTests.swift in Sources */ = {isa = PBXBuildFile; fileRef = 24DB020B242756F300AA15AC /* RecordingControllerTests.swift */; };
		24F6794A241E31570075F344 /* PlaybackController.swift in Sources */ = {isa = PBXBuildFile; fileRef = 24F67949241E31570075F344 /* PlaybackController.swift */; };
		6C49965724304D33004B03F5 /* User.swift in Sources */ = {isa = PBXBuildFile; fileRef = 6C49965624304D33004B03F5 /* User.swift */; };
		6C49965924340106004B03F5 /* AudioEditController.swift in Sources */ = {isa = PBXBuildFile; fileRef = 6C49965824340106004B03F5 /* AudioEditController.swift */; };
		6C52E027241E8C6000E60EAB /* LoginViewController.swift in Sources */ = {isa = PBXBuildFile; fileRef = 6C52E026241E8C6000E60EAB /* LoginViewController.swift */; };
		6C52E029241E943400E60EAB /* StartViewController.swift in Sources */ = {isa = PBXBuildFile; fileRef = 6C52E028241E943400E60EAB /* StartViewController.swift */; };
		6C52E02D241E94D600E60EAB /* HomeViewController.swift in Sources */ = {isa = PBXBuildFile; fileRef = 6C52E02C241E94D600E60EAB /* HomeViewController.swift */; };
		6C52E0362424FDA900E60EAB /* RecordingTest.swift in Sources */ = {isa = PBXBuildFile; fileRef = 6C52E0352424FDA900E60EAB /* RecordingTest.swift */; };
		6C52E03C24275B5D00E60EAB /* SongSegmentTest.swift in Sources */ = {isa = PBXBuildFile; fileRef = 6C52E03B24275B5D00E60EAB /* SongSegmentTest.swift */; };
		6C52E03E24275B7500E60EAB /* SongTest.swift in Sources */ = {isa = PBXBuildFile; fileRef = 6C52E03D24275B7500E60EAB /* SongTest.swift */; };
		6C52E04024275B9A00E60EAB /* PerformanceTest.swift in Sources */ = {isa = PBXBuildFile; fileRef = 6C52E03F24275B9A00E60EAB /* PerformanceTest.swift */; };
		6C52E04224275BB400E60EAB /* PerformancesTest.swift in Sources */ = {isa = PBXBuildFile; fileRef = 6C52E04124275BB400E60EAB /* PerformancesTest.swift */; };
		6C7F96CC241D0854009C6E91 /* Performance.swift in Sources */ = {isa = PBXBuildFile; fileRef = 6C7F96CB241D0854009C6E91 /* Performance.swift */; };
		6C7F96CE241D0863009C6E91 /* Song.swift in Sources */ = {isa = PBXBuildFile; fileRef = 6C7F96CD241D0863009C6E91 /* Song.swift */; };
		6C7F96D0241D0870009C6E91 /* Recording.swift in Sources */ = {isa = PBXBuildFile; fileRef = 6C7F96CF241D0870009C6E91 /* Recording.swift */; };
		6C7F96D2241D0883009C6E91 /* SongSegment.swift in Sources */ = {isa = PBXBuildFile; fileRef = 6C7F96D1241D0883009C6E91 /* SongSegment.swift */; };
		6C7F96D4241D08A7009C6E91 /* Comment.swift in Sources */ = {isa = PBXBuildFile; fileRef = 6C7F96D3241D08A7009C6E91 /* Comment.swift */; };
		6C7F96D6241D0D2E009C6E91 /* AudioComment.swift in Sources */ = {isa = PBXBuildFile; fileRef = 6C7F96D5241D0D2E009C6E91 /* AudioComment.swift */; };
		6C7F96D8241D0D3D009C6E91 /* TextComment.swift in Sources */ = {isa = PBXBuildFile; fileRef = 6C7F96D7241D0D3D009C6E91 /* TextComment.swift */; };
		6C7F96DD241D3BCD009C6E91 /* AudioCommentTest.swift in Sources */ = {isa = PBXBuildFile; fileRef = 6C7F96DC241D3BCD009C6E91 /* AudioCommentTest.swift */; };
		6C7F96DF241D3BDD009C6E91 /* TextCommentTest.swift in Sources */ = {isa = PBXBuildFile; fileRef = 6C7F96DE241D3BDD009C6E91 /* TextCommentTest.swift */; };
		6C7F96E2241D3EF3009C6E91 /* Performances.swift in Sources */ = {isa = PBXBuildFile; fileRef = 6C7F96E1241D3EF3009C6E91 /* Performances.swift */; };
		6C7F96E8241E25D4009C6E91 /* CommentTest.swift in Sources */ = {isa = PBXBuildFile; fileRef = 6C7F96E7241E25D4009C6E91 /* CommentTest.swift */; };
		6C7F96EC241E5F47009C6E91 /* GoogleService-Info.plist in Resources */ = {isa = PBXBuildFile; fileRef = 6C7F96EB241E5F46009C6E91 /* GoogleService-Info.plist */; };
		6C7F96EF241E6522009C6E91 /* SignupViewController.swift in Sources */ = {isa = PBXBuildFile; fileRef = 6C7F96EE241E6522009C6E91 /* SignupViewController.swift */; };
		70BF4CA02FB6E914757964F0 /* Pods_VoisTests.framework in Frameworks */ = {isa = PBXBuildFile; fileRef = CCF44D3BB05C1FE5DC9DF5CD /* Pods_VoisTests.framework */; };
		75A23B790104A5024F3BF7B3 /* Pods_Vois.framework in Frameworks */ = {isa = PBXBuildFile; fileRef = 17C4088B9F5379D923C46281 /* Pods_Vois.framework */; };
		C8D201782426488700409CF4 /* RecordingTable.swift in Sources */ = {isa = PBXBuildFile; fileRef = C8D201772426488700409CF4 /* RecordingTable.swift */; };
		C8D2017C24264E6A00409CF4 /* RecordingTableController.swift in Sources */ = {isa = PBXBuildFile; fileRef = C8D2017B24264E6A00409CF4 /* RecordingTableController.swift */; };
		C8D2017E24265A2800409CF4 /* AudioPlaybackController.swift in Sources */ = {isa = PBXBuildFile; fileRef = C8D2017D24265A2800409CF4 /* AudioPlaybackController.swift */; };
		C8D2018024265E5800409CF4 /* AudioPlayer.swift in Sources */ = {isa = PBXBuildFile; fileRef = C8D2017F24265E5800409CF4 /* AudioPlayer.swift */; };
		C8D2018224265ED600409CF4 /* Listenable.swift in Sources */ = {isa = PBXBuildFile; fileRef = C8D2018124265ED600409CF4 /* Listenable.swift */; };
		C8D20184242672AD00409CF4 /* RecordingList.swift in Sources */ = {isa = PBXBuildFile; fileRef = C8D20183242672AD00409CF4 /* RecordingList.swift */; };
		C8D2018724274D2F00409CF4 /* FDWaveformView in Frameworks */ = {isa = PBXBuildFile; productRef = C8D2018624274D2F00409CF4 /* FDWaveformView */; };
		C8D3F0B3242764D200593F3A /* TextCommentController.swift in Sources */ = {isa = PBXBuildFile; fileRef = C8D3F0B2242764D200593F3A /* TextCommentController.swift */; };
		C8D95A6224276EDA002ADE88 /* FDWaveForm+Comment.swift in Sources */ = {isa = PBXBuildFile; fileRef = C8D95A6124276EDA002ADE88 /* FDWaveForm+Comment.swift */; };
		C8D95A64242776D6002ADE88 /* TextCommentButton.swift in Sources */ = {isa = PBXBuildFile; fileRef = C8D95A63242776D6002ADE88 /* TextCommentButton.swift */; };
		C8D95A6624277EDC002ADE88 /* FDPlaybackDelegate.swift in Sources */ = {isa = PBXBuildFile; fileRef = C8D95A6524277EDC002ADE88 /* FDPlaybackDelegate.swift */; };
		CA118DE12420C6270098BF29 /* CreatePerformanceTableViewController.swift in Sources */ = {isa = PBXBuildFile; fileRef = CA118DE02420C6270098BF29 /* CreatePerformanceTableViewController.swift */; };
		CA118DE32420C69E0098BF29 /* EventNameCell.swift in Sources */ = {isa = PBXBuildFile; fileRef = CA118DE22420C69E0098BF29 /* EventNameCell.swift */; };
		CA118DE72420C6D40098BF29 /* SongNameCell.swift in Sources */ = {isa = PBXBuildFile; fileRef = CA118DE62420C6D40098BF29 /* SongNameCell.swift */; };
		CA11DE0A241F74820030598D /* PerformancesViewController.swift in Sources */ = {isa = PBXBuildFile; fileRef = CA11DE09241F74820030598D /* PerformancesViewController.swift */; };
		CA11DE0C241FB2850030598D /* ProfileViewController.swift in Sources */ = {isa = PBXBuildFile; fileRef = CA11DE0B241FB2850030598D /* ProfileViewController.swift */; };
		CA11DE0E241FC7290030598D /* PerformanceCell.swift in Sources */ = {isa = PBXBuildFile; fileRef = CA11DE0D241FC7280030598D /* PerformanceCell.swift */; };
		CA3D27FD242208B4006509C5 /* DateCell.swift in Sources */ = {isa = PBXBuildFile; fileRef = CA3D27FC242208B4006509C5 /* DateCell.swift */; };
		CA3D27FF24226C8F006509C5 /* DatePickerCell.swift in Sources */ = {isa = PBXBuildFile; fileRef = CA3D27FE24226C8F006509C5 /* DatePickerCell.swift */; };
		CA3D280124234FF5006509C5 /* PerformanceViewController.swift in Sources */ = {isa = PBXBuildFile; fileRef = CA3D280024234FF5006509C5 /* PerformanceViewController.swift */; };
		CA3D280324239EFE006509C5 /* SongCell.swift in Sources */ = {isa = PBXBuildFile; fileRef = CA3D280224239EFE006509C5 /* SongCell.swift */; };
		CA6B07F12434F8DB00C4956E /* NewSongViewController.swift in Sources */ = {isa = PBXBuildFile; fileRef = CA6B07F02434F8DB00C4956E /* NewSongViewController.swift */; };
		CA91527F2430A60A009DA0DB /* PerformanceFilesDirectory.swift in Sources */ = {isa = PBXBuildFile; fileRef = CA91527E2430A60A009DA0DB /* PerformanceFilesDirectory.swift */; };
		CA9152812431AFAE009DA0DB /* UserSession.swift in Sources */ = {isa = PBXBuildFile; fileRef = CA9152802431AFAE009DA0DB /* UserSession.swift */; };
		CACC0D8F241CC25C006D2E68 /* AppDelegate.swift in Sources */ = {isa = PBXBuildFile; fileRef = CACC0D8E241CC25C006D2E68 /* AppDelegate.swift */; };
		CACC0D91241CC25C006D2E68 /* SceneDelegate.swift in Sources */ = {isa = PBXBuildFile; fileRef = CACC0D90241CC25C006D2E68 /* SceneDelegate.swift */; };
		CACC0D93241CC25C006D2E68 /* ViewController.swift in Sources */ = {isa = PBXBuildFile; fileRef = CACC0D92241CC25C006D2E68 /* ViewController.swift */; };
		CACC0D96241CC25C006D2E68 /* Main.storyboard in Resources */ = {isa = PBXBuildFile; fileRef = CACC0D94241CC25C006D2E68 /* Main.storyboard */; };
		CACC0D98241CC260006D2E68 /* Assets.xcassets in Resources */ = {isa = PBXBuildFile; fileRef = CACC0D97241CC260006D2E68 /* Assets.xcassets */; };
		CACC0D9B241CC260006D2E68 /* LaunchScreen.storyboard in Resources */ = {isa = PBXBuildFile; fileRef = CACC0D99241CC260006D2E68 /* LaunchScreen.storyboard */; };
		CAFCF30A24279CAB003EDD1B /* PerformanceFilesDirectory.swift in Sources */ = {isa = PBXBuildFile; fileRef = CAFCF30924279CAB003EDD1B /* PerformanceFilesDirectory.swift */; };
		CACC0DA6241CC261006D2E68 /* VoisTests.swift in Sources */ = {isa = PBXBuildFile; fileRef = CACC0DA5241CC261006D2E68 /* VoisTests.swift */; };
/* End PBXBuildFile section */

/* Begin PBXContainerItemProxy section */
		CACC0DA2241CC261006D2E68 /* PBXContainerItemProxy */ = {
			isa = PBXContainerItemProxy;
			containerPortal = CACC0D83241CC25C006D2E68 /* Project object */;
			proxyType = 1;
			remoteGlobalIDString = CACC0D8A241CC25C006D2E68;
			remoteInfo = vois;
		};
/* End PBXContainerItemProxy section */

/* Begin PBXFileReference section */
		17C4088B9F5379D923C46281 /* Pods_Vois.framework */ = {isa = PBXFileReference; explicitFileType = wrapper.framework; includeInIndex = 0; path = Pods_Vois.framework; sourceTree = BUILT_PRODUCTS_DIR; };
		2451F3F4241E717900884AEE /* SaveViewController.swift */ = {isa = PBXFileReference; lastKnownFileType = sourcecode.swift; path = SaveViewController.swift; sourceTree = "<group>"; };
		24B6CFAC241E408800FDAFBE /* GoogleService-Info.plist */ = {isa = PBXFileReference; lastKnownFileType = text.plist; path = "GoogleService-Info.plist"; sourceTree = SOURCE_ROOT; };
		24C36133241DFB8C0047EC46 /* RecordingViewController.swift */ = {isa = PBXFileReference; lastKnownFileType = sourcecode.swift; path = RecordingViewController.swift; sourceTree = "<group>"; };
		24C36135241DFC070047EC46 /* RecordingController.swift */ = {isa = PBXFileReference; lastKnownFileType = sourcecode.swift; path = RecordingController.swift; sourceTree = "<group>"; };
		24DB020B242756F300AA15AC /* RecordingControllerTests.swift */ = {isa = PBXFileReference; lastKnownFileType = sourcecode.swift; path = RecordingControllerTests.swift; sourceTree = "<group>"; };
		24F67949241E31570075F344 /* PlaybackController.swift */ = {isa = PBXFileReference; lastKnownFileType = sourcecode.swift; path = PlaybackController.swift; sourceTree = "<group>"; };
		6C49965624304D33004B03F5 /* User.swift */ = {isa = PBXFileReference; lastKnownFileType = sourcecode.swift; path = User.swift; sourceTree = "<group>"; };
		6C49965824340106004B03F5 /* AudioEditController.swift */ = {isa = PBXFileReference; lastKnownFileType = sourcecode.swift; path = AudioEditController.swift; sourceTree = "<group>"; };
		6C52E026241E8C6000E60EAB /* LoginViewController.swift */ = {isa = PBXFileReference; lastKnownFileType = sourcecode.swift; path = LoginViewController.swift; sourceTree = "<group>"; };
		6C52E028241E943400E60EAB /* StartViewController.swift */ = {isa = PBXFileReference; lastKnownFileType = sourcecode.swift; path = StartViewController.swift; sourceTree = "<group>"; };
		6C52E02C241E94D600E60EAB /* HomeViewController.swift */ = {isa = PBXFileReference; lastKnownFileType = sourcecode.swift; path = HomeViewController.swift; sourceTree = "<group>"; };
		6C52E0352424FDA900E60EAB /* RecordingTest.swift */ = {isa = PBXFileReference; lastKnownFileType = sourcecode.swift; path = RecordingTest.swift; sourceTree = "<group>"; };
		6C52E03B24275B5D00E60EAB /* SongSegmentTest.swift */ = {isa = PBXFileReference; lastKnownFileType = sourcecode.swift; path = SongSegmentTest.swift; sourceTree = "<group>"; };
		6C52E03D24275B7500E60EAB /* SongTest.swift */ = {isa = PBXFileReference; lastKnownFileType = sourcecode.swift; path = SongTest.swift; sourceTree = "<group>"; };
		6C52E03F24275B9A00E60EAB /* PerformanceTest.swift */ = {isa = PBXFileReference; lastKnownFileType = sourcecode.swift; path = PerformanceTest.swift; sourceTree = "<group>"; };
		6C52E04124275BB400E60EAB /* PerformancesTest.swift */ = {isa = PBXFileReference; lastKnownFileType = sourcecode.swift; path = PerformancesTest.swift; sourceTree = "<group>"; };
		6C7F96CB241D0854009C6E91 /* Performance.swift */ = {isa = PBXFileReference; lastKnownFileType = sourcecode.swift; path = Performance.swift; sourceTree = "<group>"; };
		6C7F96CD241D0863009C6E91 /* Song.swift */ = {isa = PBXFileReference; lastKnownFileType = sourcecode.swift; path = Song.swift; sourceTree = "<group>"; };
		6C7F96CF241D0870009C6E91 /* Recording.swift */ = {isa = PBXFileReference; lastKnownFileType = sourcecode.swift; path = Recording.swift; sourceTree = "<group>"; };
		6C7F96D1241D0883009C6E91 /* SongSegment.swift */ = {isa = PBXFileReference; lastKnownFileType = sourcecode.swift; path = SongSegment.swift; sourceTree = "<group>"; };
		6C7F96D3241D08A7009C6E91 /* Comment.swift */ = {isa = PBXFileReference; lastKnownFileType = sourcecode.swift; path = Comment.swift; sourceTree = "<group>"; };
		6C7F96D5241D0D2E009C6E91 /* AudioComment.swift */ = {isa = PBXFileReference; lastKnownFileType = sourcecode.swift; path = AudioComment.swift; sourceTree = "<group>"; };
		6C7F96D7241D0D3D009C6E91 /* TextComment.swift */ = {isa = PBXFileReference; lastKnownFileType = sourcecode.swift; path = TextComment.swift; sourceTree = "<group>"; };
		6C7F96DC241D3BCD009C6E91 /* AudioCommentTest.swift */ = {isa = PBXFileReference; lastKnownFileType = sourcecode.swift; path = AudioCommentTest.swift; sourceTree = "<group>"; };
		6C7F96DE241D3BDD009C6E91 /* TextCommentTest.swift */ = {isa = PBXFileReference; lastKnownFileType = sourcecode.swift; path = TextCommentTest.swift; sourceTree = "<group>"; };
		6C7F96E1241D3EF3009C6E91 /* Performances.swift */ = {isa = PBXFileReference; lastKnownFileType = sourcecode.swift; path = Performances.swift; sourceTree = "<group>"; };
		6C7F96E7241E25D4009C6E91 /* CommentTest.swift */ = {isa = PBXFileReference; lastKnownFileType = sourcecode.swift; path = CommentTest.swift; sourceTree = "<group>"; };
		6C7F96EB241E5F46009C6E91 /* GoogleService-Info.plist */ = {isa = PBXFileReference; fileEncoding = 4; lastKnownFileType = text.plist.xml; path = "GoogleService-Info.plist"; sourceTree = "<group>"; };
		6C7F96EE241E6522009C6E91 /* SignupViewController.swift */ = {isa = PBXFileReference; lastKnownFileType = sourcecode.swift; path = SignupViewController.swift; sourceTree = "<group>"; };
		9DB19923A376F7DCC93066C6 /* Pods-Vois.release.xcconfig */ = {isa = PBXFileReference; includeInIndex = 1; lastKnownFileType = text.xcconfig; name = "Pods-Vois.release.xcconfig"; path = "Target Support Files/Pods-Vois/Pods-Vois.release.xcconfig"; sourceTree = "<group>"; };
		AAD1949FF65EB08008D3BC96 /* Pods-VoisTests.release.xcconfig */ = {isa = PBXFileReference; includeInIndex = 1; lastKnownFileType = text.xcconfig; name = "Pods-VoisTests.release.xcconfig"; path = "Target Support Files/Pods-VoisTests/Pods-VoisTests.release.xcconfig"; sourceTree = "<group>"; };
		B9880456BCD4A15E6CA649AC /* Pods-VoisTests.debug.xcconfig */ = {isa = PBXFileReference; includeInIndex = 1; lastKnownFileType = text.xcconfig; name = "Pods-VoisTests.debug.xcconfig"; path = "Target Support Files/Pods-VoisTests/Pods-VoisTests.debug.xcconfig"; sourceTree = "<group>"; };
		C8D201772426488700409CF4 /* RecordingTable.swift */ = {isa = PBXFileReference; lastKnownFileType = sourcecode.swift; path = RecordingTable.swift; sourceTree = "<group>"; };
		C8D2017B24264E6A00409CF4 /* RecordingTableController.swift */ = {isa = PBXFileReference; lastKnownFileType = sourcecode.swift; path = RecordingTableController.swift; sourceTree = "<group>"; };
		C8D2017D24265A2800409CF4 /* AudioPlaybackController.swift */ = {isa = PBXFileReference; lastKnownFileType = sourcecode.swift; path = AudioPlaybackController.swift; sourceTree = "<group>"; };
		C8D2017F24265E5800409CF4 /* AudioPlayer.swift */ = {isa = PBXFileReference; lastKnownFileType = sourcecode.swift; path = AudioPlayer.swift; sourceTree = "<group>"; };
		C8D2018124265ED600409CF4 /* Listenable.swift */ = {isa = PBXFileReference; lastKnownFileType = sourcecode.swift; path = Listenable.swift; sourceTree = "<group>"; };
		C8D20183242672AD00409CF4 /* RecordingList.swift */ = {isa = PBXFileReference; lastKnownFileType = sourcecode.swift; path = RecordingList.swift; sourceTree = "<group>"; };
		C8D3F0B2242764D200593F3A /* TextCommentController.swift */ = {isa = PBXFileReference; lastKnownFileType = sourcecode.swift; path = TextCommentController.swift; sourceTree = "<group>"; };
		C8D95A6124276EDA002ADE88 /* FDWaveForm+Comment.swift */ = {isa = PBXFileReference; lastKnownFileType = sourcecode.swift; path = "FDWaveForm+Comment.swift"; sourceTree = "<group>"; };
		C8D95A63242776D6002ADE88 /* TextCommentButton.swift */ = {isa = PBXFileReference; lastKnownFileType = sourcecode.swift; path = TextCommentButton.swift; sourceTree = "<group>"; };
		C8D95A6524277EDC002ADE88 /* FDPlaybackDelegate.swift */ = {isa = PBXFileReference; lastKnownFileType = sourcecode.swift; path = FDPlaybackDelegate.swift; sourceTree = "<group>"; };
		CA118DE02420C6270098BF29 /* CreatePerformanceTableViewController.swift */ = {isa = PBXFileReference; lastKnownFileType = sourcecode.swift; path = CreatePerformanceTableViewController.swift; sourceTree = "<group>"; };
		CA118DE22420C69E0098BF29 /* EventNameCell.swift */ = {isa = PBXFileReference; lastKnownFileType = sourcecode.swift; path = EventNameCell.swift; sourceTree = "<group>"; };
		CA118DE62420C6D40098BF29 /* SongNameCell.swift */ = {isa = PBXFileReference; lastKnownFileType = sourcecode.swift; path = SongNameCell.swift; sourceTree = "<group>"; };
		CA11DE09241F74820030598D /* PerformancesViewController.swift */ = {isa = PBXFileReference; lastKnownFileType = sourcecode.swift; path = PerformancesViewController.swift; sourceTree = "<group>"; };
		CA11DE0B241FB2850030598D /* ProfileViewController.swift */ = {isa = PBXFileReference; lastKnownFileType = sourcecode.swift; path = ProfileViewController.swift; sourceTree = "<group>"; };
		CA11DE0D241FC7280030598D /* PerformanceCell.swift */ = {isa = PBXFileReference; lastKnownFileType = sourcecode.swift; path = PerformanceCell.swift; sourceTree = "<group>"; };
		CA3D27FC242208B4006509C5 /* DateCell.swift */ = {isa = PBXFileReference; fileEncoding = 4; lastKnownFileType = sourcecode.swift; path = DateCell.swift; sourceTree = "<group>"; };
		CA3D27FE24226C8F006509C5 /* DatePickerCell.swift */ = {isa = PBXFileReference; lastKnownFileType = sourcecode.swift; path = DatePickerCell.swift; sourceTree = "<group>"; };
		CA3D280024234FF5006509C5 /* PerformanceViewController.swift */ = {isa = PBXFileReference; lastKnownFileType = sourcecode.swift; path = PerformanceViewController.swift; sourceTree = "<group>"; };
		CA3D280224239EFE006509C5 /* SongCell.swift */ = {isa = PBXFileReference; lastKnownFileType = sourcecode.swift; path = SongCell.swift; sourceTree = "<group>"; };
		CA6B07F02434F8DB00C4956E /* NewSongViewController.swift */ = {isa = PBXFileReference; lastKnownFileType = sourcecode.swift; path = NewSongViewController.swift; sourceTree = "<group>"; };
		CA91527E2430A60A009DA0DB /* PerformanceFilesDirectory.swift */ = {isa = PBXFileReference; fileEncoding = 4; lastKnownFileType = sourcecode.swift; path = PerformanceFilesDirectory.swift; sourceTree = "<group>"; };
		CA9152802431AFAE009DA0DB /* UserSession.swift */ = {isa = PBXFileReference; lastKnownFileType = sourcecode.swift; path = UserSession.swift; sourceTree = "<group>"; };
		CACC0D8B241CC25C006D2E68 /* Vois.app */ = {isa = PBXFileReference; explicitFileType = wrapper.application; includeInIndex = 0; path = Vois.app; sourceTree = BUILT_PRODUCTS_DIR; };
		CACC0D8E241CC25C006D2E68 /* AppDelegate.swift */ = {isa = PBXFileReference; lastKnownFileType = sourcecode.swift; path = AppDelegate.swift; sourceTree = "<group>"; };
		CACC0D90241CC25C006D2E68 /* SceneDelegate.swift */ = {isa = PBXFileReference; lastKnownFileType = sourcecode.swift; path = SceneDelegate.swift; sourceTree = "<group>"; };
		CACC0D92241CC25C006D2E68 /* ViewController.swift */ = {isa = PBXFileReference; lastKnownFileType = sourcecode.swift; path = ViewController.swift; sourceTree = "<group>"; };
		CACC0D95241CC25C006D2E68 /* Base */ = {isa = PBXFileReference; lastKnownFileType = file.storyboard; name = Base; path = Base.lproj/Main.storyboard; sourceTree = "<group>"; };
		CACC0D97241CC260006D2E68 /* Assets.xcassets */ = {isa = PBXFileReference; lastKnownFileType = folder.assetcatalog; path = Assets.xcassets; sourceTree = "<group>"; };
		CACC0D9A241CC260006D2E68 /* Base */ = {isa = PBXFileReference; lastKnownFileType = file.storyboard; name = Base; path = Base.lproj/LaunchScreen.storyboard; sourceTree = "<group>"; };
		CACC0D9C241CC260006D2E68 /* Info.plist */ = {isa = PBXFileReference; lastKnownFileType = text.plist.xml; path = Info.plist; sourceTree = "<group>"; };
		CACC0DA1241CC261006D2E68 /* VoisTests.xctest */ = {isa = PBXFileReference; explicitFileType = wrapper.cfbundle; includeInIndex = 0; path = VoisTests.xctest; sourceTree = BUILT_PRODUCTS_DIR; };
		CACC0DA7241CC261006D2E68 /* Info.plist */ = {isa = PBXFileReference; lastKnownFileType = text.plist.xml; path = Info.plist; sourceTree = "<group>"; };
		CCF44D3BB05C1FE5DC9DF5CD /* Pods_VoisTests.framework */ = {isa = PBXFileReference; explicitFileType = wrapper.framework; includeInIndex = 0; path = Pods_VoisTests.framework; sourceTree = BUILT_PRODUCTS_DIR; };
		D25CFFED92AD158707F422E3 /* Pods-Vois.debug.xcconfig */ = {isa = PBXFileReference; includeInIndex = 1; lastKnownFileType = text.xcconfig; name = "Pods-Vois.debug.xcconfig"; path = "Target Support Files/Pods-Vois/Pods-Vois.debug.xcconfig"; sourceTree = "<group>"; };
/* End PBXFileReference section */

/* Begin PBXFrameworksBuildPhase section */
		CACC0D88241CC25C006D2E68 /* Frameworks */ = {
			isa = PBXFrameworksBuildPhase;
			buildActionMask = 2147483647;
			files = (
				C8D2018724274D2F00409CF4 /* FDWaveformView in Frameworks */,
				75A23B790104A5024F3BF7B3 /* Pods_Vois.framework in Frameworks */,
			);
			runOnlyForDeploymentPostprocessing = 0;
		};
		CACC0D9E241CC261006D2E68 /* Frameworks */ = {
			isa = PBXFrameworksBuildPhase;
			buildActionMask = 2147483647;
			files = (
				70BF4CA02FB6E914757964F0 /* Pods_VoisTests.framework in Frameworks */,
			);
			runOnlyForDeploymentPostprocessing = 0;
		};
/* End PBXFrameworksBuildPhase section */

/* Begin PBXGroup section */
		24DB020D242756FB00AA15AC /* Controller */ = {
			isa = PBXGroup;
			children = (
				24DB020B242756F300AA15AC /* RecordingControllerTests.swift */,
			);
			path = Controller;
			sourceTree = "<group>";
		};
		4302983B61D11DE06975B58F /* Pods */ = {
			isa = PBXGroup;
			children = (
				D25CFFED92AD158707F422E3 /* Pods-Vois.debug.xcconfig */,
				9DB19923A376F7DCC93066C6 /* Pods-Vois.release.xcconfig */,
				B9880456BCD4A15E6CA649AC /* Pods-VoisTests.debug.xcconfig */,
				AAD1949FF65EB08008D3BC96 /* Pods-VoisTests.release.xcconfig */,
			);
			path = Pods;
			sourceTree = "<group>";
		};
		6C49965524304D15004B03F5 /* User */ = {
			isa = PBXGroup;
			children = (
				6C49965624304D33004B03F5 /* User.swift */,
			);
			name = User;
			sourceTree = "<group>";
		};
		6C52E02A241E94AC00E60EAB /* Start */ = {
			isa = PBXGroup;
			children = (
				6C52E028241E943400E60EAB /* StartViewController.swift */,
			);
			name = Start;
			sourceTree = "<group>";
		};
		6C52E02B241E94BD00E60EAB /* Home */ = {
			isa = PBXGroup;
			children = (
				6C52E02C241E94D600E60EAB /* HomeViewController.swift */,
			);
			name = Home;
			sourceTree = "<group>";
		};
		6C7F96D9241D1B54009C6E91 /* Comment */ = {
			isa = PBXGroup;
			children = (
				6C7F96D3241D08A7009C6E91 /* Comment.swift */,
				6C7F96D5241D0D2E009C6E91 /* AudioComment.swift */,
				6C7F96D7241D0D3D009C6E91 /* TextComment.swift */,
			);
			name = Comment;
			sourceTree = "<group>";
		};
		6C7F96E5241E245F009C6E91 /* Model */ = {
			isa = PBXGroup;
			children = (
				6C7F96E6241E2466009C6E91 /* Comment */,
				6C52E0352424FDA900E60EAB /* RecordingTest.swift */,
				6C52E03B24275B5D00E60EAB /* SongSegmentTest.swift */,
				6C52E03D24275B7500E60EAB /* SongTest.swift */,
				6C52E03F24275B9A00E60EAB /* PerformanceTest.swift */,
				6C52E04124275BB400E60EAB /* PerformancesTest.swift */,
			);
			path = Model;
			sourceTree = "<group>";
		};
		6C7F96E6241E2466009C6E91 /* Comment */ = {
			isa = PBXGroup;
			children = (
				6C7F96E7241E25D4009C6E91 /* CommentTest.swift */,
				6C7F96DC241D3BCD009C6E91 /* AudioCommentTest.swift */,
				6C7F96DE241D3BDD009C6E91 /* TextCommentTest.swift */,
			);
			path = Comment;
			sourceTree = "<group>";
		};
		6C7F96ED241E5FBE009C6E91 /* Authentication */ = {
			isa = PBXGroup;
			children = (
				6C7F96EE241E6522009C6E91 /* SignupViewController.swift */,
				6C52E026241E8C6000E60EAB /* LoginViewController.swift */,
			);
			name = Authentication;
			sourceTree = "<group>";
		};
		7E8CA98D865DE68A9495C61F /* Frameworks */ = {
			isa = PBXGroup;
			children = (
				17C4088B9F5379D923C46281 /* Pods_Vois.framework */,
				CCF44D3BB05C1FE5DC9DF5CD /* Pods_VoisTests.framework */,
			);
			name = Frameworks;
			sourceTree = "<group>";
		};
		CACC0D82241CC25C006D2E68 = {
			isa = PBXGroup;
			children = (
				CACC0D8D241CC25C006D2E68 /* Vois */,
				CACC0DA4241CC261006D2E68 /* VoisTests */,
				CACC0D8C241CC25C006D2E68 /* Products */,
				4302983B61D11DE06975B58F /* Pods */,
				7E8CA98D865DE68A9495C61F /* Frameworks */,
			);
			sourceTree = "<group>";
		};
		CACC0D8C241CC25C006D2E68 /* Products */ = {
			isa = PBXGroup;
			children = (
				CACC0D8B241CC25C006D2E68 /* Vois.app */,
				CACC0DA1241CC261006D2E68 /* VoisTests.xctest */,
			);
			name = Products;
			sourceTree = "<group>";
		};
		CACC0D8D241CC25C006D2E68 /* Vois */ = {
			isa = PBXGroup;
			children = (
				24B6CFAC241E408800FDAFBE /* GoogleService-Info.plist */,
				CACC0DB3241CC343006D2E68 /* Controller */,
				CACC0DB2241CC33C006D2E68 /* View */,
				CACC0DB0241CC322006D2E68 /* Model */,
				CACC0D90241CC25C006D2E68 /* SceneDelegate.swift */,
				CACC0D92241CC25C006D2E68 /* ViewController.swift */,
				CACC0D94241CC25C006D2E68 /* Main.storyboard */,
				CACC0D97241CC260006D2E68 /* Assets.xcassets */,
				CACC0D99241CC260006D2E68 /* LaunchScreen.storyboard */,
				CACC0D9C241CC260006D2E68 /* Info.plist */,
				6C7F96EB241E5F46009C6E91 /* GoogleService-Info.plist */,
				CACC0D8E241CC25C006D2E68 /* AppDelegate.swift */,
				CA91527E2430A60A009DA0DB /* PerformanceFilesDirectory.swift */,
				CA9152802431AFAE009DA0DB /* UserSession.swift */,
			);
			path = Vois;
			sourceTree = "<group>";
		};
		CACC0DA4241CC261006D2E68 /* VoisTests */ = {
			isa = PBXGroup;
			children = (
				24DB020D242756FB00AA15AC /* Controller */,
				6C7F96E5241E245F009C6E91 /* Model */,
				CACC0DA7241CC261006D2E68 /* Info.plist */,
			);
			path = VoisTests;
			sourceTree = "<group>";
		};
		CACC0DB0241CC322006D2E68 /* Model */ = {
			isa = PBXGroup;
			children = (
				6C49965524304D15004B03F5 /* User */,
				C8D2017F24265E5800409CF4 /* AudioPlayer.swift */,
				C8D20183242672AD00409CF4 /* RecordingList.swift */,
				6C7F96D9241D1B54009C6E91 /* Comment */,
				6C7F96E1241D3EF3009C6E91 /* Performances.swift */,
				6C7F96CB241D0854009C6E91 /* Performance.swift */,
				C8D2018124265ED600409CF4 /* Listenable.swift */,
				6C7F96CD241D0863009C6E91 /* Song.swift */,
				6C7F96D1241D0883009C6E91 /* SongSegment.swift */,
				6C7F96CF241D0870009C6E91 /* Recording.swift */,
				C8D201772426488700409CF4 /* RecordingTable.swift */,
			);
			name = Model;
			sourceTree = "<group>";
		};
		CACC0DB2241CC33C006D2E68 /* View */ = {
			isa = PBXGroup;
			children = (
				C8D95A63242776D6002ADE88 /* TextCommentButton.swift */,
				C8D95A6524277EDC002ADE88 /* FDPlaybackDelegate.swift */,
				C8D95A6124276EDA002ADE88 /* FDWaveForm+Comment.swift */,
				CA3D27FE24226C8F006509C5 /* DatePickerCell.swift */,
				CA11DE0D241FC7280030598D /* PerformanceCell.swift */,
				CA118DE22420C69E0098BF29 /* EventNameCell.swift */,
				CA3D27FC242208B4006509C5 /* DateCell.swift */,
				CA118DE62420C6D40098BF29 /* SongNameCell.swift */,
				CA3D280224239EFE006509C5 /* SongCell.swift */,
			);
			name = View;
			sourceTree = "<group>";
		};
		CACC0DB3241CC343006D2E68 /* Controller */ = {
			isa = PBXGroup;
			children = (
				6C52E02A241E94AC00E60EAB /* Start */,
				6C7F96ED241E5FBE009C6E91 /* Authentication */,
				6C52E02B241E94BD00E60EAB /* Home */,
				24C36135241DFC070047EC46 /* RecordingController.swift */,
				C8D2017D24265A2800409CF4 /* AudioPlaybackController.swift */,
				6C49965824340106004B03F5 /* AudioEditController.swift */,
				24F67949241E31570075F344 /* PlaybackController.swift */,
				C8D2017B24264E6A00409CF4 /* RecordingTableController.swift */,
				C8D3F0B2242764D200593F3A /* TextCommentController.swift */,
				CA11DE09241F74820030598D /* PerformancesViewController.swift */,
				CA11DE0B241FB2850030598D /* ProfileViewController.swift */,
				CA118DE02420C6270098BF29 /* CreatePerformanceTableViewController.swift */,
				CA3D280024234FF5006509C5 /* PerformanceViewController.swift */,
				CA6B07F02434F8DB00C4956E /* NewSongViewController.swift */,
				24C36133241DFB8C0047EC46 /* RecordingViewController.swift */,
				2451F3F4241E717900884AEE /* SaveViewController.swift */,
			);
			name = Controller;
			sourceTree = "<group>";
		};
/* End PBXGroup section */

/* Begin PBXNativeTarget section */
		CACC0D8A241CC25C006D2E68 /* Vois */ = {
			isa = PBXNativeTarget;
			buildConfigurationList = CACC0DAA241CC261006D2E68 /* Build configuration list for PBXNativeTarget "Vois" */;
			buildPhases = (
				63F7F2B1C1D5A9AEE71ED598 /* [CP] Check Pods Manifest.lock */,
				CACC0D87241CC25C006D2E68 /* Sources */,
				CACC0D88241CC25C006D2E68 /* Frameworks */,
				CACC0D89241CC25C006D2E68 /* Resources */,
				6C7F96DA241D2C16009C6E91 /* ShellScript */,
				F51DA1AB57C8BF5F18906DCC /* [CP] Embed Pods Frameworks */,
			);
			buildRules = (
			);
			dependencies = (
			);
			name = Vois;
			packageProductDependencies = (
				C8D2018624274D2F00409CF4 /* FDWaveformView */,
			);
			productName = vois;
			productReference = CACC0D8B241CC25C006D2E68 /* Vois.app */;
			productType = "com.apple.product-type.application";
		};
		CACC0DA0241CC261006D2E68 /* VoisTests */ = {
			isa = PBXNativeTarget;
			buildConfigurationList = CACC0DAD241CC261006D2E68 /* Build configuration list for PBXNativeTarget "VoisTests" */;
			buildPhases = (
				1F95B02F142CB09960378CD9 /* [CP] Check Pods Manifest.lock */,
				CACC0D9D241CC261006D2E68 /* Sources */,
				CACC0D9E241CC261006D2E68 /* Frameworks */,
				CACC0D9F241CC261006D2E68 /* Resources */,
				D35484DED74BCFD925B4F7C9 /* [CP] Embed Pods Frameworks */,
			);
			buildRules = (
			);
			dependencies = (
				CACC0DA3241CC261006D2E68 /* PBXTargetDependency */,
			);
			name = VoisTests;
			productName = voisTests;
			productReference = CACC0DA1241CC261006D2E68 /* VoisTests.xctest */;
			productType = "com.apple.product-type.bundle.unit-test";
		};
/* End PBXNativeTarget section */

/* Begin PBXProject section */
		CACC0D83241CC25C006D2E68 /* Project object */ = {
			isa = PBXProject;
			attributes = {
				LastSwiftUpdateCheck = 1130;
				LastUpgradeCheck = 1130;
				ORGANIZATIONNAME = Vois;
				TargetAttributes = {
					CACC0D8A241CC25C006D2E68 = {
						CreatedOnToolsVersion = 11.3;
					};
					CACC0DA0241CC261006D2E68 = {
						CreatedOnToolsVersion = 11.3;
						TestTargetID = CACC0D8A241CC25C006D2E68;
					};
				};
			};
			buildConfigurationList = CACC0D86241CC25C006D2E68 /* Build configuration list for PBXProject "vois" */;
			compatibilityVersion = "Xcode 9.3";
			developmentRegion = en;
			hasScannedForEncodings = 0;
			knownRegions = (
				en,
				Base,
			);
			mainGroup = CACC0D82241CC25C006D2E68;
			packageReferences = (
				C8D2018524274D2F00409CF4 /* XCRemoteSwiftPackageReference "FDWaveformView" */,
			);
			productRefGroup = CACC0D8C241CC25C006D2E68 /* Products */;
			projectDirPath = "";
			projectRoot = "";
			targets = (
				CACC0D8A241CC25C006D2E68 /* Vois */,
				CACC0DA0241CC261006D2E68 /* VoisTests */,
			);
		};
/* End PBXProject section */

/* Begin PBXResourcesBuildPhase section */
		CACC0D89241CC25C006D2E68 /* Resources */ = {
			isa = PBXResourcesBuildPhase;
			buildActionMask = 2147483647;
			files = (
				CACC0D9B241CC260006D2E68 /* LaunchScreen.storyboard in Resources */,
				6C7F96EC241E5F47009C6E91 /* GoogleService-Info.plist in Resources */,
				CACC0D98241CC260006D2E68 /* Assets.xcassets in Resources */,
				CACC0D96241CC25C006D2E68 /* Main.storyboard in Resources */,
			);
			runOnlyForDeploymentPostprocessing = 0;
		};
		CACC0D9F241CC261006D2E68 /* Resources */ = {
			isa = PBXResourcesBuildPhase;
			buildActionMask = 2147483647;
			files = (
			);
			runOnlyForDeploymentPostprocessing = 0;
		};
/* End PBXResourcesBuildPhase section */

/* Begin PBXShellScriptBuildPhase section */
		1F95B02F142CB09960378CD9 /* [CP] Check Pods Manifest.lock */ = {
			isa = PBXShellScriptBuildPhase;
			buildActionMask = 2147483647;
			files = (
			);
			inputFileListPaths = (
			);
			inputPaths = (
				"${PODS_PODFILE_DIR_PATH}/Podfile.lock",
				"${PODS_ROOT}/Manifest.lock",
			);
			name = "[CP] Check Pods Manifest.lock";
			outputFileListPaths = (
			);
			outputPaths = (
				"$(DERIVED_FILE_DIR)/Pods-VoisTests-checkManifestLockResult.txt",
			);
			runOnlyForDeploymentPostprocessing = 0;
			shellPath = /bin/sh;
			shellScript = "diff \"${PODS_PODFILE_DIR_PATH}/Podfile.lock\" \"${PODS_ROOT}/Manifest.lock\" > /dev/null\nif [ $? != 0 ] ; then\n    # print error to STDERR\n    echo \"error: The sandbox is not in sync with the Podfile.lock. Run 'pod install' or update your CocoaPods installation.\" >&2\n    exit 1\nfi\n# This output is used by Xcode 'outputs' to avoid re-running this script phase.\necho \"SUCCESS\" > \"${SCRIPT_OUTPUT_FILE_0}\"\n";
			showEnvVarsInLog = 0;
		};
		63F7F2B1C1D5A9AEE71ED598 /* [CP] Check Pods Manifest.lock */ = {
			isa = PBXShellScriptBuildPhase;
			buildActionMask = 2147483647;
			files = (
			);
			inputFileListPaths = (
			);
			inputPaths = (
				"${PODS_PODFILE_DIR_PATH}/Podfile.lock",
				"${PODS_ROOT}/Manifest.lock",
			);
			name = "[CP] Check Pods Manifest.lock";
			outputFileListPaths = (
			);
			outputPaths = (
				"$(DERIVED_FILE_DIR)/Pods-Vois-checkManifestLockResult.txt",
			);
			runOnlyForDeploymentPostprocessing = 0;
			shellPath = /bin/sh;
			shellScript = "diff \"${PODS_PODFILE_DIR_PATH}/Podfile.lock\" \"${PODS_ROOT}/Manifest.lock\" > /dev/null\nif [ $? != 0 ] ; then\n    # print error to STDERR\n    echo \"error: The sandbox is not in sync with the Podfile.lock. Run 'pod install' or update your CocoaPods installation.\" >&2\n    exit 1\nfi\n# This output is used by Xcode 'outputs' to avoid re-running this script phase.\necho \"SUCCESS\" > \"${SCRIPT_OUTPUT_FILE_0}\"\n";
			showEnvVarsInLog = 0;
		};
		6C7F96DA241D2C16009C6E91 /* ShellScript */ = {
			isa = PBXShellScriptBuildPhase;
			buildActionMask = 2147483647;
			files = (
			);
			inputFileListPaths = (
			);
			inputPaths = (
			);
			outputFileListPaths = (
			);
			outputPaths = (
			);
			runOnlyForDeploymentPostprocessing = 0;
			shellPath = /bin/sh;
			shellScript = "if which swiftlint >/dev/null; then\n  swiftlint\nelse\n    echo \"warning: SwiftLint not installed, download from https://github.com/realm/SwiftLint\"\nfi\n";
		};
		D35484DED74BCFD925B4F7C9 /* [CP] Embed Pods Frameworks */ = {
			isa = PBXShellScriptBuildPhase;
			buildActionMask = 2147483647;
			files = (
			);
			inputFileListPaths = (
				"${PODS_ROOT}/Target Support Files/Pods-VoisTests/Pods-VoisTests-frameworks-${CONFIGURATION}-input-files.xcfilelist",
			);
			name = "[CP] Embed Pods Frameworks";
			outputFileListPaths = (
				"${PODS_ROOT}/Target Support Files/Pods-VoisTests/Pods-VoisTests-frameworks-${CONFIGURATION}-output-files.xcfilelist",
			);
			runOnlyForDeploymentPostprocessing = 0;
			shellPath = /bin/sh;
			shellScript = "\"${PODS_ROOT}/Target Support Files/Pods-VoisTests/Pods-VoisTests-frameworks.sh\"\n";
			showEnvVarsInLog = 0;
		};
		F51DA1AB57C8BF5F18906DCC /* [CP] Embed Pods Frameworks */ = {
			isa = PBXShellScriptBuildPhase;
			buildActionMask = 2147483647;
			files = (
			);
			inputFileListPaths = (
				"${PODS_ROOT}/Target Support Files/Pods-Vois/Pods-Vois-frameworks-${CONFIGURATION}-input-files.xcfilelist",
			);
			name = "[CP] Embed Pods Frameworks";
			outputFileListPaths = (
				"${PODS_ROOT}/Target Support Files/Pods-Vois/Pods-Vois-frameworks-${CONFIGURATION}-output-files.xcfilelist",
			);
			runOnlyForDeploymentPostprocessing = 0;
			shellPath = /bin/sh;
			shellScript = "\"${PODS_ROOT}/Target Support Files/Pods-Vois/Pods-Vois-frameworks.sh\"\n";
			showEnvVarsInLog = 0;
		};
/* End PBXShellScriptBuildPhase section */

/* Begin PBXSourcesBuildPhase section */
		CACC0D87241CC25C006D2E68 /* Sources */ = {
			isa = PBXSourcesBuildPhase;
			buildActionMask = 2147483647;
			files = (
				6C7F96EF241E6522009C6E91 /* SignupViewController.swift in Sources */,
				6C52E029241E943400E60EAB /* StartViewController.swift in Sources */,
				24C36136241DFC070047EC46 /* RecordingController.swift in Sources */,
				CA9152812431AFAE009DA0DB /* UserSession.swift in Sources */,
				C8D2017E24265A2800409CF4 /* AudioPlaybackController.swift in Sources */,
				C8D3F0B3242764D200593F3A /* TextCommentController.swift in Sources */,
				2451F3F5241E717900884AEE /* SaveViewController.swift in Sources */,
				6C49965724304D33004B03F5 /* User.swift in Sources */,
				CACC0D93241CC25C006D2E68 /* ViewController.swift in Sources */,
				CA118DE32420C69E0098BF29 /* EventNameCell.swift in Sources */,
				6C7F96D0241D0870009C6E91 /* Recording.swift in Sources */,
				C8D201782426488700409CF4 /* RecordingTable.swift in Sources */,
				C8D2018224265ED600409CF4 /* Listenable.swift in Sources */,
				6C7F96D8241D0D3D009C6E91 /* TextComment.swift in Sources */,
				6C52E02D241E94D600E60EAB /* HomeViewController.swift in Sources */,
				CACC0D8F241CC25C006D2E68 /* AppDelegate.swift in Sources */,
				24C36134241DFB8C0047EC46 /* RecordingViewController.swift in Sources */,
				C8D20184242672AD00409CF4 /* RecordingList.swift in Sources */,
				C8D2017C24264E6A00409CF4 /* RecordingTableController.swift in Sources */,
				6C7F96D4241D08A7009C6E91 /* Comment.swift in Sources */,
				C8D95A64242776D6002ADE88 /* TextCommentButton.swift in Sources */,
				CA118DE72420C6D40098BF29 /* SongNameCell.swift in Sources */,
				CA3D27FF24226C8F006509C5 /* DatePickerCell.swift in Sources */,
				CA3D27FD242208B4006509C5 /* DateCell.swift in Sources */,
				CA11DE0E241FC7290030598D /* PerformanceCell.swift in Sources */,
				6C7F96D4241D08A7009C6E91 /* Comment.swift in Sources */,
				CA91527F2430A60A009DA0DB /* PerformanceFilesDirectory.swift in Sources */,
				CA3D280324239EFE006509C5 /* SongCell.swift in Sources */,
				6C7F96D6241D0D2E009C6E91 /* AudioComment.swift in Sources */,
				CA6B07F12434F8DB00C4956E /* NewSongViewController.swift in Sources */,
				C8D2018024265E5800409CF4 /* AudioPlayer.swift in Sources */,
				24F6794A241E31570075F344 /* PlaybackController.swift in Sources */,
				C8D95A6224276EDA002ADE88 /* FDWaveForm+Comment.swift in Sources */,
				6C49965924340106004B03F5 /* AudioEditController.swift in Sources */,
				6C7F96CC241D0854009C6E91 /* Performance.swift in Sources */,
				6C7F96D2241D0883009C6E91 /* SongSegment.swift in Sources */,
				CACC0D91241CC25C006D2E68 /* SceneDelegate.swift in Sources */,
				6C7F96CE241D0863009C6E91 /* Song.swift in Sources */,
				C8D95A6624277EDC002ADE88 /* FDPlaybackDelegate.swift in Sources */,
				6C52E027241E8C6000E60EAB /* LoginViewController.swift in Sources */,
				CA11DE0C241FB2850030598D /* ProfileViewController.swift in Sources */,
				CA118DE12420C6270098BF29 /* CreatePerformanceTableViewController.swift in Sources */,
				6C7F96E2241D3EF3009C6E91 /* Performances.swift in Sources */,
				CA11DE0A241F74820030598D /* PerformancesViewController.swift in Sources */,
				CA3D280124234FF5006509C5 /* PerformanceViewController.swift in Sources */,
			);
			runOnlyForDeploymentPostprocessing = 0;
		};
		CACC0D9D241CC261006D2E68 /* Sources */ = {
			isa = PBXSourcesBuildPhase;
			buildActionMask = 2147483647;
			files = (
				6C52E03C24275B5D00E60EAB /* SongSegmentTest.swift in Sources */,
				6C52E0362424FDA900E60EAB /* RecordingTest.swift in Sources */,
				6C52E04024275B9A00E60EAB /* PerformanceTest.swift in Sources */,
				6C52E03E24275B7500E60EAB /* SongTest.swift in Sources */,
				6C7F96DD241D3BCD009C6E91 /* AudioCommentTest.swift in Sources */,
				24DB020C242756F300AA15AC /* RecordingControllerTests.swift in Sources */,
				6C7F96DF241D3BDD009C6E91 /* TextCommentTest.swift in Sources */,
				6C7F96E8241E25D4009C6E91 /* CommentTest.swift in Sources */,
				6C52E04224275BB400E60EAB /* PerformancesTest.swift in Sources */,
			);
			runOnlyForDeploymentPostprocessing = 0;
		};
/* End PBXSourcesBuildPhase section */

/* Begin PBXTargetDependency section */
		CACC0DA3241CC261006D2E68 /* PBXTargetDependency */ = {
			isa = PBXTargetDependency;
			target = CACC0D8A241CC25C006D2E68 /* Vois */;
			targetProxy = CACC0DA2241CC261006D2E68 /* PBXContainerItemProxy */;
		};
/* End PBXTargetDependency section */

/* Begin PBXVariantGroup section */
		CACC0D94241CC25C006D2E68 /* Main.storyboard */ = {
			isa = PBXVariantGroup;
			children = (
				CACC0D95241CC25C006D2E68 /* Base */,
			);
			name = Main.storyboard;
			sourceTree = "<group>";
		};
		CACC0D99241CC260006D2E68 /* LaunchScreen.storyboard */ = {
			isa = PBXVariantGroup;
			children = (
				CACC0D9A241CC260006D2E68 /* Base */,
			);
			name = LaunchScreen.storyboard;
			sourceTree = "<group>";
		};
/* End PBXVariantGroup section */

/* Begin XCBuildConfiguration section */
		CACC0DA8241CC261006D2E68 /* Debug */ = {
			isa = XCBuildConfiguration;
			buildSettings = {
				ALWAYS_SEARCH_USER_PATHS = NO;
				CLANG_ANALYZER_NONNULL = YES;
				CLANG_ANALYZER_NUMBER_OBJECT_CONVERSION = YES_AGGRESSIVE;
				CLANG_CXX_LANGUAGE_STANDARD = "gnu++14";
				CLANG_CXX_LIBRARY = "libc++";
				CLANG_ENABLE_MODULES = YES;
				CLANG_ENABLE_OBJC_ARC = YES;
				CLANG_ENABLE_OBJC_WEAK = YES;
				CLANG_WARN_BLOCK_CAPTURE_AUTORELEASING = YES;
				CLANG_WARN_BOOL_CONVERSION = YES;
				CLANG_WARN_COMMA = YES;
				CLANG_WARN_CONSTANT_CONVERSION = YES;
				CLANG_WARN_DEPRECATED_OBJC_IMPLEMENTATIONS = YES;
				CLANG_WARN_DIRECT_OBJC_ISA_USAGE = YES_ERROR;
				CLANG_WARN_DOCUMENTATION_COMMENTS = YES;
				CLANG_WARN_EMPTY_BODY = YES;
				CLANG_WARN_ENUM_CONVERSION = YES;
				CLANG_WARN_INFINITE_RECURSION = YES;
				CLANG_WARN_INT_CONVERSION = YES;
				CLANG_WARN_NON_LITERAL_NULL_CONVERSION = YES;
				CLANG_WARN_OBJC_IMPLICIT_RETAIN_SELF = YES;
				CLANG_WARN_OBJC_LITERAL_CONVERSION = YES;
				CLANG_WARN_OBJC_ROOT_CLASS = YES_ERROR;
				CLANG_WARN_RANGE_LOOP_ANALYSIS = YES;
				CLANG_WARN_STRICT_PROTOTYPES = YES;
				CLANG_WARN_SUSPICIOUS_MOVE = YES;
				CLANG_WARN_UNGUARDED_AVAILABILITY = YES_AGGRESSIVE;
				CLANG_WARN_UNREACHABLE_CODE = YES;
				CLANG_WARN__DUPLICATE_METHOD_MATCH = YES;
				COPY_PHASE_STRIP = NO;
				DEBUG_INFORMATION_FORMAT = dwarf;
				ENABLE_STRICT_OBJC_MSGSEND = YES;
				ENABLE_TESTABILITY = YES;
				GCC_C_LANGUAGE_STANDARD = gnu11;
				GCC_DYNAMIC_NO_PIC = NO;
				GCC_NO_COMMON_BLOCKS = YES;
				GCC_OPTIMIZATION_LEVEL = 0;
				GCC_PREPROCESSOR_DEFINITIONS = (
					"DEBUG=1",
					"$(inherited)",
				);
				GCC_WARN_64_TO_32_BIT_CONVERSION = YES;
				GCC_WARN_ABOUT_RETURN_TYPE = YES_ERROR;
				GCC_WARN_UNDECLARED_SELECTOR = YES;
				GCC_WARN_UNINITIALIZED_AUTOS = YES_AGGRESSIVE;
				GCC_WARN_UNUSED_FUNCTION = YES;
				GCC_WARN_UNUSED_VARIABLE = YES;
				IPHONEOS_DEPLOYMENT_TARGET = 13.2;
				MTL_ENABLE_DEBUG_INFO = INCLUDE_SOURCE;
				MTL_FAST_MATH = YES;
				ONLY_ACTIVE_ARCH = YES;
				SDKROOT = iphoneos;
				SWIFT_ACTIVE_COMPILATION_CONDITIONS = DEBUG;
				SWIFT_OPTIMIZATION_LEVEL = "-Onone";
			};
			name = Debug;
		};
		CACC0DA9241CC261006D2E68 /* Release */ = {
			isa = XCBuildConfiguration;
			buildSettings = {
				ALWAYS_SEARCH_USER_PATHS = NO;
				CLANG_ANALYZER_NONNULL = YES;
				CLANG_ANALYZER_NUMBER_OBJECT_CONVERSION = YES_AGGRESSIVE;
				CLANG_CXX_LANGUAGE_STANDARD = "gnu++14";
				CLANG_CXX_LIBRARY = "libc++";
				CLANG_ENABLE_MODULES = YES;
				CLANG_ENABLE_OBJC_ARC = YES;
				CLANG_ENABLE_OBJC_WEAK = YES;
				CLANG_WARN_BLOCK_CAPTURE_AUTORELEASING = YES;
				CLANG_WARN_BOOL_CONVERSION = YES;
				CLANG_WARN_COMMA = YES;
				CLANG_WARN_CONSTANT_CONVERSION = YES;
				CLANG_WARN_DEPRECATED_OBJC_IMPLEMENTATIONS = YES;
				CLANG_WARN_DIRECT_OBJC_ISA_USAGE = YES_ERROR;
				CLANG_WARN_DOCUMENTATION_COMMENTS = YES;
				CLANG_WARN_EMPTY_BODY = YES;
				CLANG_WARN_ENUM_CONVERSION = YES;
				CLANG_WARN_INFINITE_RECURSION = YES;
				CLANG_WARN_INT_CONVERSION = YES;
				CLANG_WARN_NON_LITERAL_NULL_CONVERSION = YES;
				CLANG_WARN_OBJC_IMPLICIT_RETAIN_SELF = YES;
				CLANG_WARN_OBJC_LITERAL_CONVERSION = YES;
				CLANG_WARN_OBJC_ROOT_CLASS = YES_ERROR;
				CLANG_WARN_RANGE_LOOP_ANALYSIS = YES;
				CLANG_WARN_STRICT_PROTOTYPES = YES;
				CLANG_WARN_SUSPICIOUS_MOVE = YES;
				CLANG_WARN_UNGUARDED_AVAILABILITY = YES_AGGRESSIVE;
				CLANG_WARN_UNREACHABLE_CODE = YES;
				CLANG_WARN__DUPLICATE_METHOD_MATCH = YES;
				COPY_PHASE_STRIP = NO;
				DEBUG_INFORMATION_FORMAT = "dwarf-with-dsym";
				ENABLE_NS_ASSERTIONS = NO;
				ENABLE_STRICT_OBJC_MSGSEND = YES;
				GCC_C_LANGUAGE_STANDARD = gnu11;
				GCC_NO_COMMON_BLOCKS = YES;
				GCC_WARN_64_TO_32_BIT_CONVERSION = YES;
				GCC_WARN_ABOUT_RETURN_TYPE = YES_ERROR;
				GCC_WARN_UNDECLARED_SELECTOR = YES;
				GCC_WARN_UNINITIALIZED_AUTOS = YES_AGGRESSIVE;
				GCC_WARN_UNUSED_FUNCTION = YES;
				GCC_WARN_UNUSED_VARIABLE = YES;
				IPHONEOS_DEPLOYMENT_TARGET = 13.2;
				MTL_ENABLE_DEBUG_INFO = NO;
				MTL_FAST_MATH = YES;
				SDKROOT = iphoneos;
				SWIFT_COMPILATION_MODE = wholemodule;
				SWIFT_OPTIMIZATION_LEVEL = "-O";
				VALIDATE_PRODUCT = YES;
			};
			name = Release;
		};
		CACC0DAB241CC261006D2E68 /* Debug */ = {
			isa = XCBuildConfiguration;
			baseConfigurationReference = D25CFFED92AD158707F422E3 /* Pods-Vois.debug.xcconfig */;
			buildSettings = {
				ASSETCATALOG_COMPILER_APPICON_NAME = AppIcon;
				CODE_SIGN_STYLE = Automatic;
				DEVELOPMENT_TEAM = W76H98A34A;
				INFOPLIST_FILE = vois/Info.plist;
				LD_RUNPATH_SEARCH_PATHS = (
					"$(inherited)",
					"@executable_path/Frameworks",
				);
				PRODUCT_BUNDLE_IDENTIFIER = com.vois.vois;
				PRODUCT_NAME = Vois;
				SWIFT_VERSION = 5.0;
				TARGETED_DEVICE_FAMILY = "1,2";
			};
			name = Debug;
		};
		CACC0DAC241CC261006D2E68 /* Release */ = {
			isa = XCBuildConfiguration;
			baseConfigurationReference = 9DB19923A376F7DCC93066C6 /* Pods-Vois.release.xcconfig */;
			buildSettings = {
				ASSETCATALOG_COMPILER_APPICON_NAME = AppIcon;
				CODE_SIGN_STYLE = Automatic;
				DEVELOPMENT_TEAM = W76H98A34A;
				INFOPLIST_FILE = vois/Info.plist;
				LD_RUNPATH_SEARCH_PATHS = (
					"$(inherited)",
					"@executable_path/Frameworks",
				);
				PRODUCT_BUNDLE_IDENTIFIER = com.vois.vois;
				PRODUCT_NAME = Vois;
				SWIFT_VERSION = 5.0;
				TARGETED_DEVICE_FAMILY = "1,2";
			};
			name = Release;
		};
		CACC0DAE241CC261006D2E68 /* Debug */ = {
			isa = XCBuildConfiguration;
			baseConfigurationReference = B9880456BCD4A15E6CA649AC /* Pods-VoisTests.debug.xcconfig */;
			buildSettings = {
				ALWAYS_EMBED_SWIFT_STANDARD_LIBRARIES = YES;
				BUNDLE_LOADER = "$(TEST_HOST)";
				CODE_SIGN_STYLE = Automatic;
				INFOPLIST_FILE = voisTests/Info.plist;
				IPHONEOS_DEPLOYMENT_TARGET = 13.2;
				LD_RUNPATH_SEARCH_PATHS = (
					"$(inherited)",
					"@executable_path/Frameworks",
					"@loader_path/Frameworks",
				);
				PRODUCT_BUNDLE_IDENTIFIER = vois.voisTests;
				PRODUCT_NAME = "$(TARGET_NAME)";
				SWIFT_VERSION = 5.0;
				TARGETED_DEVICE_FAMILY = "1,2";
				TEST_HOST = "$(BUILT_PRODUCTS_DIR)/Vois.app/Vois";
			};
			name = Debug;
		};
		CACC0DAF241CC261006D2E68 /* Release */ = {
			isa = XCBuildConfiguration;
			baseConfigurationReference = AAD1949FF65EB08008D3BC96 /* Pods-VoisTests.release.xcconfig */;
			buildSettings = {
				ALWAYS_EMBED_SWIFT_STANDARD_LIBRARIES = YES;
				BUNDLE_LOADER = "$(TEST_HOST)";
				CODE_SIGN_STYLE = Automatic;
				INFOPLIST_FILE = voisTests/Info.plist;
				IPHONEOS_DEPLOYMENT_TARGET = 13.2;
				LD_RUNPATH_SEARCH_PATHS = (
					"$(inherited)",
					"@executable_path/Frameworks",
					"@loader_path/Frameworks",
				);
				PRODUCT_BUNDLE_IDENTIFIER = vois.voisTests;
				PRODUCT_NAME = "$(TARGET_NAME)";
				SWIFT_VERSION = 5.0;
				TARGETED_DEVICE_FAMILY = "1,2";
				TEST_HOST = "$(BUILT_PRODUCTS_DIR)/Vois.app/Vois";
			};
			name = Release;
		};
/* End XCBuildConfiguration section */

/* Begin XCConfigurationList section */
		CACC0D86241CC25C006D2E68 /* Build configuration list for PBXProject "vois" */ = {
			isa = XCConfigurationList;
			buildConfigurations = (
				CACC0DA8241CC261006D2E68 /* Debug */,
				CACC0DA9241CC261006D2E68 /* Release */,
			);
			defaultConfigurationIsVisible = 0;
			defaultConfigurationName = Release;
		};
		CACC0DAA241CC261006D2E68 /* Build configuration list for PBXNativeTarget "Vois" */ = {
			isa = XCConfigurationList;
			buildConfigurations = (
				CACC0DAB241CC261006D2E68 /* Debug */,
				CACC0DAC241CC261006D2E68 /* Release */,
			);
			defaultConfigurationIsVisible = 0;
			defaultConfigurationName = Release;
		};
		CACC0DAD241CC261006D2E68 /* Build configuration list for PBXNativeTarget "VoisTests" */ = {
			isa = XCConfigurationList;
			buildConfigurations = (
				CACC0DAE241CC261006D2E68 /* Debug */,
				CACC0DAF241CC261006D2E68 /* Release */,
			);
			defaultConfigurationIsVisible = 0;
			defaultConfigurationName = Release;
		};
/* End XCConfigurationList section */

/* Begin XCRemoteSwiftPackageReference section */
		C8D2018524274D2F00409CF4 /* XCRemoteSwiftPackageReference "FDWaveformView" */ = {
			isa = XCRemoteSwiftPackageReference;
			repositoryURL = "https://github.com/fulldecent/FDWaveformView";
			requirement = {
				kind = upToNextMajorVersion;
				minimumVersion = 5.0.1;
			};
		};
/* End XCRemoteSwiftPackageReference section */

/* Begin XCSwiftPackageProductDependency section */
		C8D2018624274D2F00409CF4 /* FDWaveformView */ = {
			isa = XCSwiftPackageProductDependency;
			package = C8D2018524274D2F00409CF4 /* XCRemoteSwiftPackageReference "FDWaveformView" */;
			productName = FDWaveformView;
		};
/* End XCSwiftPackageProductDependency section */
	};
	rootObject = CACC0D83241CC25C006D2E68 /* Project object */;
}
