// !$*UTF8*$!
{
	archiveVersion = 1;
	classes = {
	};
	objectVersion = 50;
	objects = {

/* Begin PBXBuildFile section */
		6C7F96CC241D0854009C6E91 /* Performance.swift in Sources */ = {isa = PBXBuildFile; fileRef = 6C7F96CB241D0854009C6E91 /* Performance.swift */; };
		6C7F96CE241D0863009C6E91 /* Song.swift in Sources */ = {isa = PBXBuildFile; fileRef = 6C7F96CD241D0863009C6E91 /* Song.swift */; };
		6C7F96D0241D0870009C6E91 /* Recording.swift in Sources */ = {isa = PBXBuildFile; fileRef = 6C7F96CF241D0870009C6E91 /* Recording.swift */; };
		6C7F96D2241D0883009C6E91 /* SongSegment.swift in Sources */ = {isa = PBXBuildFile; fileRef = 6C7F96D1241D0883009C6E91 /* SongSegment.swift */; };
		6C7F96D4241D08A7009C6E91 /* Comment.swift in Sources */ = {isa = PBXBuildFile; fileRef = 6C7F96D3241D08A7009C6E91 /* Comment.swift */; };
		6C7F96D6241D0D2E009C6E91 /* AudioComment.swift in Sources */ = {isa = PBXBuildFile; fileRef = 6C7F96D5241D0D2E009C6E91 /* AudioComment.swift */; };
		6C7F96D8241D0D3D009C6E91 /* TextComment.swift in Sources */ = {isa = PBXBuildFile; fileRef = 6C7F96D7241D0D3D009C6E91 /* TextComment.swift */; };
		6C7F96DD241D3BCD009C6E91 /* AudioCommentTest.swift in Sources */ = {isa = PBXBuildFile; fileRef = 6C7F96DC241D3BCD009C6E91 /* AudioCommentTest.swift */; };
		6C7F96DF241D3BDD009C6E91 /* TextCommentTest.swift in Sources */ = {isa = PBXBuildFile; fileRef = 6C7F96DE241D3BDD009C6E91 /* TextCommentTest.swift */; };
		6C7F96E2241D3EF3009C6E91 /* Performances.swift in Sources */ = {isa = PBXBuildFile; fileRef = 6C7F96E1241D3EF3009C6E91 /* Performances.swift */; };
		CACC0D8F241CC25C006D2E68 /* AppDelegate.swift in Sources */ = {isa = PBXBuildFile; fileRef = CACC0D8E241CC25C006D2E68 /* AppDelegate.swift */; };
		CACC0D91241CC25C006D2E68 /* SceneDelegate.swift in Sources */ = {isa = PBXBuildFile; fileRef = CACC0D90241CC25C006D2E68 /* SceneDelegate.swift */; };
		CACC0D93241CC25C006D2E68 /* ViewController.swift in Sources */ = {isa = PBXBuildFile; fileRef = CACC0D92241CC25C006D2E68 /* ViewController.swift */; };
		CACC0D96241CC25C006D2E68 /* Main.storyboard in Resources */ = {isa = PBXBuildFile; fileRef = CACC0D94241CC25C006D2E68 /* Main.storyboard */; };
		CACC0D98241CC260006D2E68 /* Assets.xcassets in Resources */ = {isa = PBXBuildFile; fileRef = CACC0D97241CC260006D2E68 /* Assets.xcassets */; };
		CACC0D9B241CC260006D2E68 /* LaunchScreen.storyboard in Resources */ = {isa = PBXBuildFile; fileRef = CACC0D99241CC260006D2E68 /* LaunchScreen.storyboard */; };
		CACC0DA6241CC261006D2E68 /* VoisTests.swift in Sources */ = {isa = PBXBuildFile; fileRef = CACC0DA5241CC261006D2E68 /* VoisTests.swift */; };
/* End PBXBuildFile section */

/* Begin PBXContainerItemProxy section */
		CACC0DA2241CC261006D2E68 /* PBXContainerItemProxy */ = {
			isa = PBXContainerItemProxy;
			containerPortal = CACC0D83241CC25C006D2E68 /* Project object */;
			proxyType = 1;
			remoteGlobalIDString = CACC0D8A241CC25C006D2E68;
			remoteInfo = vois;
		};
/* End PBXContainerItemProxy section */

/* Begin PBXFileReference section */
		6C7F96CB241D0854009C6E91 /* Performance.swift */ = {isa = PBXFileReference; lastKnownFileType = sourcecode.swift; path = Performance.swift; sourceTree = "<group>"; };
		6C7F96CD241D0863009C6E91 /* Song.swift */ = {isa = PBXFileReference; lastKnownFileType = sourcecode.swift; path = Song.swift; sourceTree = "<group>"; };
		6C7F96CF241D0870009C6E91 /* Recording.swift */ = {isa = PBXFileReference; lastKnownFileType = sourcecode.swift; path = Recording.swift; sourceTree = "<group>"; };
		6C7F96D1241D0883009C6E91 /* SongSegment.swift */ = {isa = PBXFileReference; lastKnownFileType = sourcecode.swift; path = SongSegment.swift; sourceTree = "<group>"; };
		6C7F96D3241D08A7009C6E91 /* Comment.swift */ = {isa = PBXFileReference; lastKnownFileType = sourcecode.swift; path = Comment.swift; sourceTree = "<group>"; };
		6C7F96D5241D0D2E009C6E91 /* AudioComment.swift */ = {isa = PBXFileReference; lastKnownFileType = sourcecode.swift; path = AudioComment.swift; sourceTree = "<group>"; };
		6C7F96D7241D0D3D009C6E91 /* TextComment.swift */ = {isa = PBXFileReference; lastKnownFileType = sourcecode.swift; path = TextComment.swift; sourceTree = "<group>"; };
		6C7F96DC241D3BCD009C6E91 /* AudioCommentTest.swift */ = {isa = PBXFileReference; lastKnownFileType = sourcecode.swift; path = AudioCommentTest.swift; sourceTree = "<group>"; };
		6C7F96DE241D3BDD009C6E91 /* TextCommentTest.swift */ = {isa = PBXFileReference; lastKnownFileType = sourcecode.swift; path = TextCommentTest.swift; sourceTree = "<group>"; };
		6C7F96E1241D3EF3009C6E91 /* Performances.swift */ = {isa = PBXFileReference; lastKnownFileType = sourcecode.swift; path = Performances.swift; sourceTree = "<group>"; };
		CACC0D8B241CC25C006D2E68 /* Vois.app */ = {isa = PBXFileReference; explicitFileType = wrapper.application; includeInIndex = 0; path = Vois.app; sourceTree = BUILT_PRODUCTS_DIR; };
		CACC0D8E241CC25C006D2E68 /* AppDelegate.swift */ = {isa = PBXFileReference; lastKnownFileType = sourcecode.swift; path = AppDelegate.swift; sourceTree = "<group>"; };
		CACC0D90241CC25C006D2E68 /* SceneDelegate.swift */ = {isa = PBXFileReference; lastKnownFileType = sourcecode.swift; path = SceneDelegate.swift; sourceTree = "<group>"; };
		CACC0D92241CC25C006D2E68 /* ViewController.swift */ = {isa = PBXFileReference; lastKnownFileType = sourcecode.swift; path = ViewController.swift; sourceTree = "<group>"; };
		CACC0D95241CC25C006D2E68 /* Base */ = {isa = PBXFileReference; lastKnownFileType = file.storyboard; name = Base; path = Base.lproj/Main.storyboard; sourceTree = "<group>"; };
		CACC0D97241CC260006D2E68 /* Assets.xcassets */ = {isa = PBXFileReference; lastKnownFileType = folder.assetcatalog; path = Assets.xcassets; sourceTree = "<group>"; };
		CACC0D9A241CC260006D2E68 /* Base */ = {isa = PBXFileReference; lastKnownFileType = file.storyboard; name = Base; path = Base.lproj/LaunchScreen.storyboard; sourceTree = "<group>"; };
		CACC0D9C241CC260006D2E68 /* Info.plist */ = {isa = PBXFileReference; lastKnownFileType = text.plist.xml; path = Info.plist; sourceTree = "<group>"; };
		CACC0DA1241CC261006D2E68 /* VoisTests.xctest */ = {isa = PBXFileReference; explicitFileType = wrapper.cfbundle; includeInIndex = 0; path = VoisTests.xctest; sourceTree = BUILT_PRODUCTS_DIR; };
		CACC0DA5241CC261006D2E68 /* VoisTests.swift */ = {isa = PBXFileReference; lastKnownFileType = sourcecode.swift; path = VoisTests.swift; sourceTree = "<group>"; };
		CACC0DA7241CC261006D2E68 /* Info.plist */ = {isa = PBXFileReference; lastKnownFileType = text.plist.xml; path = Info.plist; sourceTree = "<group>"; };
/* End PBXFileReference section */

/* Begin PBXFrameworksBuildPhase section */
		CACC0D88241CC25C006D2E68 /* Frameworks */ = {
			isa = PBXFrameworksBuildPhase;
			buildActionMask = 2147483647;
			files = (
			);
			runOnlyForDeploymentPostprocessing = 0;
		};
		CACC0D9E241CC261006D2E68 /* Frameworks */ = {
			isa = PBXFrameworksBuildPhase;
			buildActionMask = 2147483647;
			files = (
			);
			runOnlyForDeploymentPostprocessing = 0;
		};
/* End PBXFrameworksBuildPhase section */

/* Begin PBXGroup section */
		6C7F96D9241D1B54009C6E91 /* Comment */ = {
			isa = PBXGroup;
			children = (
				6C7F96D3241D08A7009C6E91 /* Comment.swift */,
				6C7F96D5241D0D2E009C6E91 /* AudioComment.swift */,
				6C7F96D7241D0D3D009C6E91 /* TextComment.swift */,
			);
			name = Comment;
			sourceTree = "<group>";
		};
		CACC0D82241CC25C006D2E68 = {
			isa = PBXGroup;
			children = (
				CACC0D8D241CC25C006D2E68 /* Vois */,
				CACC0DA4241CC261006D2E68 /* VoisTests */,
				CACC0D8C241CC25C006D2E68 /* Products */,
			);
			sourceTree = "<group>";
		};
		CACC0D8C241CC25C006D2E68 /* Products */ = {
			isa = PBXGroup;
			children = (
				CACC0D8B241CC25C006D2E68 /* Vois.app */,
				CACC0DA1241CC261006D2E68 /* VoisTests.xctest */,
			);
			name = Products;
			sourceTree = "<group>";
		};
		CACC0D8D241CC25C006D2E68 /* Vois */ = {
			isa = PBXGroup;
			children = (
				CACC0DB3241CC343006D2E68 /* Controller */,
				CACC0DB2241CC33C006D2E68 /* View */,
				CACC0DB0241CC322006D2E68 /* Model */,
				CACC0D8E241CC25C006D2E68 /* AppDelegate.swift */,
				CACC0D90241CC25C006D2E68 /* SceneDelegate.swift */,
				CACC0D92241CC25C006D2E68 /* ViewController.swift */,
				CACC0D94241CC25C006D2E68 /* Main.storyboard */,
				CACC0D97241CC260006D2E68 /* Assets.xcassets */,
				CACC0D99241CC260006D2E68 /* LaunchScreen.storyboard */,
				CACC0D9C241CC260006D2E68 /* Info.plist */,
			);
			path = Vois;
			sourceTree = "<group>";
		};
		CACC0DA4241CC261006D2E68 /* VoisTests */ = {
			isa = PBXGroup;
			children = (
				CACC0DA5241CC261006D2E68 /* VoisTests.swift */,
				6C7F96DC241D3BCD009C6E91 /* AudioCommentTest.swift */,
				6C7F96DE241D3BDD009C6E91 /* TextCommentTest.swift */,
				CACC0DA7241CC261006D2E68 /* Info.plist */,
			);
			path = VoisTests;
			sourceTree = "<group>";
		};
		CACC0DB0241CC322006D2E68 /* Model */ = {
			isa = PBXGroup;
			children = (
				6C7F96D9241D1B54009C6E91 /* Comment */,
				6C7F96E1241D3EF3009C6E91 /* Performances.swift */,
				6C7F96CB241D0854009C6E91 /* Performance.swift */,
				6C7F96CD241D0863009C6E91 /* Song.swift */,
				6C7F96D1241D0883009C6E91 /* SongSegment.swift */,
				6C7F96CF241D0870009C6E91 /* Recording.swift */,
			);
			name = Model;
			sourceTree = "<group>";
		};
		CACC0DB2241CC33C006D2E68 /* View */ = {
			isa = PBXGroup;
			children = (
			);
			name = View;
			sourceTree = "<group>";
		};
		CACC0DB3241CC343006D2E68 /* Controller */ = {
			isa = PBXGroup;
			children = (
			);
			name = Controller;
			sourceTree = "<group>";
		};
/* End PBXGroup section */

/* Begin PBXNativeTarget section */
		CACC0D8A241CC25C006D2E68 /* Vois */ = {
			isa = PBXNativeTarget;
			buildConfigurationList = CACC0DAA241CC261006D2E68 /* Build configuration list for PBXNativeTarget "Vois" */;
			buildPhases = (
				CACC0D87241CC25C006D2E68 /* Sources */,
				CACC0D88241CC25C006D2E68 /* Frameworks */,
				CACC0D89241CC25C006D2E68 /* Resources */,
				6C7F96DA241D2C16009C6E91 /* ShellScript */,
			);
			buildRules = (
			);
			dependencies = (
			);
			name = Vois;
			productName = vois;
			productReference = CACC0D8B241CC25C006D2E68 /* Vois.app */;
			productType = "com.apple.product-type.application";
		};
		CACC0DA0241CC261006D2E68 /* VoisTests */ = {
			isa = PBXNativeTarget;
			buildConfigurationList = CACC0DAD241CC261006D2E68 /* Build configuration list for PBXNativeTarget "VoisTests" */;
			buildPhases = (
				CACC0D9D241CC261006D2E68 /* Sources */,
				CACC0D9E241CC261006D2E68 /* Frameworks */,
				CACC0D9F241CC261006D2E68 /* Resources */,
			);
			buildRules = (
			);
			dependencies = (
				CACC0DA3241CC261006D2E68 /* PBXTargetDependency */,
			);
			name = VoisTests;
			productName = voisTests;
			productReference = CACC0DA1241CC261006D2E68 /* VoisTests.xctest */;
			productType = "com.apple.product-type.bundle.unit-test";
		};
/* End PBXNativeTarget section */

/* Begin PBXProject section */
		CACC0D83241CC25C006D2E68 /* Project object */ = {
			isa = PBXProject;
			attributes = {
				LastSwiftUpdateCheck = 1130;
				LastUpgradeCheck = 1130;
				ORGANIZATIONNAME = Vois;
				TargetAttributes = {
					CACC0D8A241CC25C006D2E68 = {
						CreatedOnToolsVersion = 11.3;
					};
					CACC0DA0241CC261006D2E68 = {
						CreatedOnToolsVersion = 11.3;
						TestTargetID = CACC0D8A241CC25C006D2E68;
					};
				};
			};
			buildConfigurationList = CACC0D86241CC25C006D2E68 /* Build configuration list for PBXProject "Vois" */;
			compatibilityVersion = "Xcode 9.3";
			developmentRegion = en;
			hasScannedForEncodings = 0;
			knownRegions = (
				en,
				Base,
			);
			mainGroup = CACC0D82241CC25C006D2E68;
			productRefGroup = CACC0D8C241CC25C006D2E68 /* Products */;
			projectDirPath = "";
			projectRoot = "";
			targets = (
				CACC0D8A241CC25C006D2E68 /* Vois */,
				CACC0DA0241CC261006D2E68 /* VoisTests */,
			);
		};
/* End PBXProject section */

/* Begin PBXResourcesBuildPhase section */
		CACC0D89241CC25C006D2E68 /* Resources */ = {
			isa = PBXResourcesBuildPhase;
			buildActionMask = 2147483647;
			files = (
				CACC0D9B241CC260006D2E68 /* LaunchScreen.storyboard in Resources */,
				CACC0D98241CC260006D2E68 /* Assets.xcassets in Resources */,
				CACC0D96241CC25C006D2E68 /* Main.storyboard in Resources */,
			);
			runOnlyForDeploymentPostprocessing = 0;
		};
		CACC0D9F241CC261006D2E68 /* Resources */ = {
			isa = PBXResourcesBuildPhase;
			buildActionMask = 2147483647;
			files = (
			);
			runOnlyForDeploymentPostprocessing = 0;
		};
/* End PBXResourcesBuildPhase section */

/* Begin PBXShellScriptBuildPhase section */
		6C7F96DA241D2C16009C6E91 /* ShellScript */ = {
			isa = PBXShellScriptBuildPhase;
			buildActionMask = 2147483647;
			files = (
			);
			inputFileListPaths = (
			);
			inputPaths = (
			);
			outputFileListPaths = (
			);
			outputPaths = (
			);
			runOnlyForDeploymentPostprocessing = 0;
			shellPath = /bin/sh;
			shellScript = "if which swiftlint >/dev/null; then\n  swiftlint\nelse\n    echo \"warning: SwiftLint not installed, download from https://github.com/realm/SwiftLint\"\nfi\n";
		};
/* End PBXShellScriptBuildPhase section */

/* Begin PBXSourcesBuildPhase section */
		CACC0D87241CC25C006D2E68 /* Sources */ = {
			isa = PBXSourcesBuildPhase;
			buildActionMask = 2147483647;
			files = (
				CACC0D93241CC25C006D2E68 /* ViewController.swift in Sources */,
				6C7F96D0241D0870009C6E91 /* Recording.swift in Sources */,
				6C7F96D8241D0D3D009C6E91 /* TextComment.swift in Sources */,
				CACC0D8F241CC25C006D2E68 /* AppDelegate.swift in Sources */,
				6C7F96D4241D08A7009C6E91 /* Comment.swift in Sources */,
				6C7F96D6241D0D2E009C6E91 /* AudioComment.swift in Sources */,
				6C7F96CC241D0854009C6E91 /* Performance.swift in Sources */,
				6C7F96D2241D0883009C6E91 /* SongSegment.swift in Sources */,
				CACC0D91241CC25C006D2E68 /* SceneDelegate.swift in Sources */,
				6C7F96CE241D0863009C6E91 /* Song.swift in Sources */,
				6C7F96E2241D3EF3009C6E91 /* Performances.swift in Sources */,
			);
			runOnlyForDeploymentPostprocessing = 0;
		};
		CACC0D9D241CC261006D2E68 /* Sources */ = {
			isa = PBXSourcesBuildPhase;
			buildActionMask = 2147483647;
			files = (
				6C7F96DD241D3BCD009C6E91 /* AudioCommentTest.swift in Sources */,
				CACC0DA6241CC261006D2E68 /* VoisTests.swift in Sources */,
				6C7F96DF241D3BDD009C6E91 /* TextCommentTest.swift in Sources */,
			);
			runOnlyForDeploymentPostprocessing = 0;
		};
/* End PBXSourcesBuildPhase section */

/* Begin PBXTargetDependency section */
		CACC0DA3241CC261006D2E68 /* PBXTargetDependency */ = {
			isa = PBXTargetDependency;
			target = CACC0D8A241CC25C006D2E68 /* Vois */;
			targetProxy = CACC0DA2241CC261006D2E68 /* PBXContainerItemProxy */;
		};
/* End PBXTargetDependency section */

/* Begin PBXVariantGroup section */
		CACC0D94241CC25C006D2E68 /* Main.storyboard */ = {
			isa = PBXVariantGroup;
			children = (
				CACC0D95241CC25C006D2E68 /* Base */,
			);
			name = Main.storyboard;
			sourceTree = "<group>";
		};
		CACC0D99241CC260006D2E68 /* LaunchScreen.storyboard */ = {
			isa = PBXVariantGroup;
			children = (
				CACC0D9A241CC260006D2E68 /* Base */,
			);
			name = LaunchScreen.storyboard;
			sourceTree = "<group>";
		};
/* End PBXVariantGroup section */

/* Begin XCBuildConfiguration section */
		CACC0DA8241CC261006D2E68 /* Debug */ = {
			isa = XCBuildConfiguration;
			buildSettings = {
				ALWAYS_SEARCH_USER_PATHS = NO;
				CLANG_ANALYZER_NONNULL = YES;
				CLANG_ANALYZER_NUMBER_OBJECT_CONVERSION = YES_AGGRESSIVE;
				CLANG_CXX_LANGUAGE_STANDARD = "gnu++14";
				CLANG_CXX_LIBRARY = "libc++";
				CLANG_ENABLE_MODULES = YES;
				CLANG_ENABLE_OBJC_ARC = YES;
				CLANG_ENABLE_OBJC_WEAK = YES;
				CLANG_WARN_BLOCK_CAPTURE_AUTORELEASING = YES;
				CLANG_WARN_BOOL_CONVERSION = YES;
				CLANG_WARN_COMMA = YES;
				CLANG_WARN_CONSTANT_CONVERSION = YES;
				CLANG_WARN_DEPRECATED_OBJC_IMPLEMENTATIONS = YES;
				CLANG_WARN_DIRECT_OBJC_ISA_USAGE = YES_ERROR;
				CLANG_WARN_DOCUMENTATION_COMMENTS = YES;
				CLANG_WARN_EMPTY_BODY = YES;
				CLANG_WARN_ENUM_CONVERSION = YES;
				CLANG_WARN_INFINITE_RECURSION = YES;
				CLANG_WARN_INT_CONVERSION = YES;
				CLANG_WARN_NON_LITERAL_NULL_CONVERSION = YES;
				CLANG_WARN_OBJC_IMPLICIT_RETAIN_SELF = YES;
				CLANG_WARN_OBJC_LITERAL_CONVERSION = YES;
				CLANG_WARN_OBJC_ROOT_CLASS = YES_ERROR;
				CLANG_WARN_RANGE_LOOP_ANALYSIS = YES;
				CLANG_WARN_STRICT_PROTOTYPES = YES;
				CLANG_WARN_SUSPICIOUS_MOVE = YES;
				CLANG_WARN_UNGUARDED_AVAILABILITY = YES_AGGRESSIVE;
				CLANG_WARN_UNREACHABLE_CODE = YES;
				CLANG_WARN__DUPLICATE_METHOD_MATCH = YES;
				COPY_PHASE_STRIP = NO;
				DEBUG_INFORMATION_FORMAT = dwarf;
				ENABLE_STRICT_OBJC_MSGSEND = YES;
				ENABLE_TESTABILITY = YES;
				GCC_C_LANGUAGE_STANDARD = gnu11;
				GCC_DYNAMIC_NO_PIC = NO;
				GCC_NO_COMMON_BLOCKS = YES;
				GCC_OPTIMIZATION_LEVEL = 0;
				GCC_PREPROCESSOR_DEFINITIONS = (
					"DEBUG=1",
					"$(inherited)",
				);
				GCC_WARN_64_TO_32_BIT_CONVERSION = YES;
				GCC_WARN_ABOUT_RETURN_TYPE = YES_ERROR;
				GCC_WARN_UNDECLARED_SELECTOR = YES;
				GCC_WARN_UNINITIALIZED_AUTOS = YES_AGGRESSIVE;
				GCC_WARN_UNUSED_FUNCTION = YES;
				GCC_WARN_UNUSED_VARIABLE = YES;
				IPHONEOS_DEPLOYMENT_TARGET = 13.2;
				MTL_ENABLE_DEBUG_INFO = INCLUDE_SOURCE;
				MTL_FAST_MATH = YES;
				ONLY_ACTIVE_ARCH = YES;
				SDKROOT = iphoneos;
				SWIFT_ACTIVE_COMPILATION_CONDITIONS = DEBUG;
				SWIFT_OPTIMIZATION_LEVEL = "-Onone";
			};
			name = Debug;
		};
		CACC0DA9241CC261006D2E68 /* Release */ = {
			isa = XCBuildConfiguration;
			buildSettings = {
				ALWAYS_SEARCH_USER_PATHS = NO;
				CLANG_ANALYZER_NONNULL = YES;
				CLANG_ANALYZER_NUMBER_OBJECT_CONVERSION = YES_AGGRESSIVE;
				CLANG_CXX_LANGUAGE_STANDARD = "gnu++14";
				CLANG_CXX_LIBRARY = "libc++";
				CLANG_ENABLE_MODULES = YES;
				CLANG_ENABLE_OBJC_ARC = YES;
				CLANG_ENABLE_OBJC_WEAK = YES;
				CLANG_WARN_BLOCK_CAPTURE_AUTORELEASING = YES;
				CLANG_WARN_BOOL_CONVERSION = YES;
				CLANG_WARN_COMMA = YES;
				CLANG_WARN_CONSTANT_CONVERSION = YES;
				CLANG_WARN_DEPRECATED_OBJC_IMPLEMENTATIONS = YES;
				CLANG_WARN_DIRECT_OBJC_ISA_USAGE = YES_ERROR;
				CLANG_WARN_DOCUMENTATION_COMMENTS = YES;
				CLANG_WARN_EMPTY_BODY = YES;
				CLANG_WARN_ENUM_CONVERSION = YES;
				CLANG_WARN_INFINITE_RECURSION = YES;
				CLANG_WARN_INT_CONVERSION = YES;
				CLANG_WARN_NON_LITERAL_NULL_CONVERSION = YES;
				CLANG_WARN_OBJC_IMPLICIT_RETAIN_SELF = YES;
				CLANG_WARN_OBJC_LITERAL_CONVERSION = YES;
				CLANG_WARN_OBJC_ROOT_CLASS = YES_ERROR;
				CLANG_WARN_RANGE_LOOP_ANALYSIS = YES;
				CLANG_WARN_STRICT_PROTOTYPES = YES;
				CLANG_WARN_SUSPICIOUS_MOVE = YES;
				CLANG_WARN_UNGUARDED_AVAILABILITY = YES_AGGRESSIVE;
				CLANG_WARN_UNREACHABLE_CODE = YES;
				CLANG_WARN__DUPLICATE_METHOD_MATCH = YES;
				COPY_PHASE_STRIP = NO;
				DEBUG_INFORMATION_FORMAT = "dwarf-with-dsym";
				ENABLE_NS_ASSERTIONS = NO;
				ENABLE_STRICT_OBJC_MSGSEND = YES;
				GCC_C_LANGUAGE_STANDARD = gnu11;
				GCC_NO_COMMON_BLOCKS = YES;
				GCC_WARN_64_TO_32_BIT_CONVERSION = YES;
				GCC_WARN_ABOUT_RETURN_TYPE = YES_ERROR;
				GCC_WARN_UNDECLARED_SELECTOR = YES;
				GCC_WARN_UNINITIALIZED_AUTOS = YES_AGGRESSIVE;
				GCC_WARN_UNUSED_FUNCTION = YES;
				GCC_WARN_UNUSED_VARIABLE = YES;
				IPHONEOS_DEPLOYMENT_TARGET = 13.2;
				MTL_ENABLE_DEBUG_INFO = NO;
				MTL_FAST_MATH = YES;
				SDKROOT = iphoneos;
				SWIFT_COMPILATION_MODE = wholemodule;
				SWIFT_OPTIMIZATION_LEVEL = "-O";
				VALIDATE_PRODUCT = YES;
			};
			name = Release;
		};
		CACC0DAB241CC261006D2E68 /* Debug */ = {
			isa = XCBuildConfiguration;
			buildSettings = {
				ASSETCATALOG_COMPILER_APPICON_NAME = AppIcon;
				CODE_SIGN_STYLE = Automatic;
				INFOPLIST_FILE = vois/Info.plist;
				LD_RUNPATH_SEARCH_PATHS = (
					"$(inherited)",
					"@executable_path/Frameworks",
				);
				PRODUCT_BUNDLE_IDENTIFIER = Vois.Vois;
				PRODUCT_NAME = Vois;
				SWIFT_VERSION = 5.0;
				TARGETED_DEVICE_FAMILY = "1,2";
			};
			name = Debug;
		};
		CACC0DAC241CC261006D2E68 /* Release */ = {
			isa = XCBuildConfiguration;
			buildSettings = {
				ASSETCATALOG_COMPILER_APPICON_NAME = AppIcon;
				CODE_SIGN_STYLE = Automatic;
				INFOPLIST_FILE = vois/Info.plist;
				LD_RUNPATH_SEARCH_PATHS = (
					"$(inherited)",
					"@executable_path/Frameworks",
				);
				PRODUCT_BUNDLE_IDENTIFIER = Vois.Vois;
				PRODUCT_NAME = Vois;
				SWIFT_VERSION = 5.0;
				TARGETED_DEVICE_FAMILY = "1,2";
			};
			name = Release;
		};
		CACC0DAE241CC261006D2E68 /* Debug */ = {
			isa = XCBuildConfiguration;
			buildSettings = {
				ALWAYS_EMBED_SWIFT_STANDARD_LIBRARIES = YES;
				BUNDLE_LOADER = "$(TEST_HOST)";
				CODE_SIGN_STYLE = Automatic;
				INFOPLIST_FILE = voisTests/Info.plist;
				IPHONEOS_DEPLOYMENT_TARGET = 13.2;
				LD_RUNPATH_SEARCH_PATHS = (
					"$(inherited)",
					"@executable_path/Frameworks",
					"@loader_path/Frameworks",
				);
				PRODUCT_BUNDLE_IDENTIFIER = vois.voisTests;
				PRODUCT_NAME = "$(TARGET_NAME)";
				SWIFT_VERSION = 5.0;
				TARGETED_DEVICE_FAMILY = "1,2";
				TEST_HOST = "$(BUILT_PRODUCTS_DIR)/Vois.app/Vois";
			};
			name = Debug;
		};
		CACC0DAF241CC261006D2E68 /* Release */ = {
			isa = XCBuildConfiguration;
			buildSettings = {
				ALWAYS_EMBED_SWIFT_STANDARD_LIBRARIES = YES;
				BUNDLE_LOADER = "$(TEST_HOST)";
				CODE_SIGN_STYLE = Automatic;
				INFOPLIST_FILE = voisTests/Info.plist;
				IPHONEOS_DEPLOYMENT_TARGET = 13.2;
				LD_RUNPATH_SEARCH_PATHS = (
					"$(inherited)",
					"@executable_path/Frameworks",
					"@loader_path/Frameworks",
				);
				PRODUCT_BUNDLE_IDENTIFIER = vois.voisTests;
				PRODUCT_NAME = "$(TARGET_NAME)";
				SWIFT_VERSION = 5.0;
				TARGETED_DEVICE_FAMILY = "1,2";
				TEST_HOST = "$(BUILT_PRODUCTS_DIR)/Vois.app/Vois";
			};
			name = Release;
		};
/* End XCBuildConfiguration section */

/* Begin XCConfigurationList section */
		CACC0D86241CC25C006D2E68 /* Build configuration list for PBXProject "Vois" */ = {
			isa = XCConfigurationList;
			buildConfigurations = (
				CACC0DA8241CC261006D2E68 /* Debug */,
				CACC0DA9241CC261006D2E68 /* Release */,
			);
			defaultConfigurationIsVisible = 0;
			defaultConfigurationName = Release;
		};
		CACC0DAA241CC261006D2E68 /* Build configuration list for PBXNativeTarget "Vois" */ = {
			isa = XCConfigurationList;
			buildConfigurations = (
				CACC0DAB241CC261006D2E68 /* Debug */,
				CACC0DAC241CC261006D2E68 /* Release */,
			);
			defaultConfigurationIsVisible = 0;
			defaultConfigurationName = Release;
		};
		CACC0DAD241CC261006D2E68 /* Build configuration list for PBXNativeTarget "VoisTests" */ = {
			isa = XCConfigurationList;
			buildConfigurations = (
				CACC0DAE241CC261006D2E68 /* Debug */,
				CACC0DAF241CC261006D2E68 /* Release */,
			);
			defaultConfigurationIsVisible = 0;
			defaultConfigurationName = Release;
		};
/* End XCConfigurationList section */
	};
	rootObject = CACC0D83241CC25C006D2E68 /* Project object */;
}
